
Microsoft Visual Studio Solution File, Format Version 12.00
# Visual Studio Version 17
VisualStudioVersion = 17.13.35818.85 d17.13
MinimumVisualStudioVersion = 10.0.40219.1
Project("{FAE04EC0-301F-11D3-BF4B-00C04F79EFBC}") = "tapsiriq4", "tapsiriq4\tapsiriq4.csproj", "{0DB17F2B-32B1-4F49-8EB4-0AFA15808023}"
EndProject
Global
	GlobalSection(SolutionConfigurationPlatforms) = preSolution
		Debug|Any CPU = Debug|Any CPU
		Release|Any CPU = Release|Any CPU
	EndGlobalSection
	GlobalSection(ProjectConfigurationPlatforms) = postSolution
		{0DB17F2B-32B1-4F49-8EB4-0AFA15808023}.Debug|Any CPU.ActiveCfg = Debug|Any CPU
		{0DB17F2B-32B1-4F49-8EB4-0AFA15808023}.Debug|Any CPU.Build.0 = Debug|Any CPU
		{0DB17F2B-32B1-4F49-8EB4-0AFA15808023}.Release|Any CPU.ActiveCfg = Release|Any CPU
		{0DB17F2B-32B1-4F49-8EB4-0AFA15808023}.Release|Any CPU.Build.0 = Release|Any CPU
	EndGlobalSection
	GlobalSection(SolutionProperties) = preSolution
		HideSolutionNode = FALSE
	EndGlobalSection
	GlobalSection(ExtensibilityGlobals) = postSolution
		SolutionGuid = {51A08709-BFB7-49E4-BC0B-37D27122E425}
	EndGlobalSection
EndGlobal
