
Microsoft Visual Studio Solution File, Format Version 12.00
# Visual Studio Version 17
VisualStudioVersion = 17.13.35818.85 d17.13
MinimumVisualStudioVersion = 10.0.40219.1
Project("{FAE04EC0-301F-11D3-BF4B-00C04F79EFBC}") = "tapsiriq8", "tapsiriq8\tapsiriq8.csproj", "{AD310F9B-523B-433F-8BB2-0B1A621C219D}"
EndProject
Global
	GlobalSection(SolutionConfigurationPlatforms) = preSolution
		Debug|Any CPU = Debug|Any CPU
		Release|Any CPU = Release|Any CPU
	EndGlobalSection
	GlobalSection(ProjectConfigurationPlatforms) = postSolution
		{AD310F9B-523B-433F-8BB2-0B1A621C219D}.Debug|Any CPU.ActiveCfg = Debug|Any CPU
		{AD310F9B-523B-433F-8BB2-0B1A621C219D}.Debug|Any CPU.Build.0 = Debug|Any CPU
		{AD310F9B-523B-433F-8BB2-0B1A621C219D}.Release|Any CPU.ActiveCfg = Release|Any CPU
		{AD310F9B-523B-433F-8BB2-0B1A621C219D}.Release|Any CPU.Build.0 = Release|Any CPU
	EndGlobalSection
	GlobalSection(SolutionProperties) = preSolution
		HideSolutionNode = FALSE
	EndGlobalSection
	GlobalSection(ExtensibilityGlobals) = postSolution
		SolutionGuid = {860B11B7-6410-4D54-9213-13BBF636E31C}
	EndGlobalSection
EndGlobal
